
Microsoft Visual Studio Solution File, Format Version 12.00
# Visual Studio Version 17
VisualStudioVersion = 17.3.32901.215
MinimumVisualStudioVersion = 10.0.40219.1
Project("{9A19103F-16F7-4668-BE54-9A1E7A4F7556}") = "KampIntro", "KampIntro\KampIntro.csproj", "{C99D9963-B2E2-4467-B20B-554D35982251}"
EndProject
Project("{9A19103F-16F7-4668-BE54-9A1E7A4F7556}") = "Donguler", "Donguler\Donguler.csproj", "{ACC8403C-E087-433C-81B1-8B5266282F65}"
EndProject
Project("{9A19103F-16F7-4668-BE54-9A1E7A4F7556}") = "ClassIntro", "ClassIntro\ClassIntro.csproj", "{DB3F1B46-4BED-4A92-AC91-F25985F2A5EF}"
EndProject
Project("{9A19103F-16F7-4668-BE54-9A1E7A4F7556}") = "Metotlar", "Metotlar\Metotlar.csproj", "{D67BE5BC-4DBB-4470-B308-2BC2386661D4}"
EndProject
Project("{9A19103F-16F7-4668-BE54-9A1E7A4F7556}") = "Matematik", "Matematik\Matematik.csproj", "{941DF588-65D9-467F-BAFB-4A45D4B666ED}"
EndProject
Project("{FAE04EC0-301F-11D3-BF4B-00C04F79EFBC}") = "DegerVeReferansTipler", "DegerVeReferansTipler\DegerVeReferansTipler.csproj", "{3A1FF8E2-EC82-43D4-86A3-E921BDD8C504}"
EndProject
Global
	GlobalSection(SolutionConfigurationPlatforms) = preSolution
		Debug|Any CPU = Debug|Any CPU
		Release|Any CPU = Release|Any CPU
	EndGlobalSection
	GlobalSection(ProjectConfigurationPlatforms) = postSolution
		{C99D9963-B2E2-4467-B20B-554D35982251}.Debug|Any CPU.ActiveCfg = Debug|Any CPU
		{C99D9963-B2E2-4467-B20B-554D35982251}.Debug|Any CPU.Build.0 = Debug|Any CPU
		{C99D9963-B2E2-4467-B20B-554D35982251}.Release|Any CPU.ActiveCfg = Release|Any CPU
		{C99D9963-B2E2-4467-B20B-554D35982251}.Release|Any CPU.Build.0 = Release|Any CPU
		{ACC8403C-E087-433C-81B1-8B5266282F65}.Debug|Any CPU.ActiveCfg = Debug|Any CPU
		{ACC8403C-E087-433C-81B1-8B5266282F65}.Debug|Any CPU.Build.0 = Debug|Any CPU
		{ACC8403C-E087-433C-81B1-8B5266282F65}.Release|Any CPU.ActiveCfg = Release|Any CPU
		{ACC8403C-E087-433C-81B1-8B5266282F65}.Release|Any CPU.Build.0 = Release|Any CPU
		{DB3F1B46-4BED-4A92-AC91-F25985F2A5EF}.Debug|Any CPU.ActiveCfg = Debug|Any CPU
		{DB3F1B46-4BED-4A92-AC91-F25985F2A5EF}.Debug|Any CPU.Build.0 = Debug|Any CPU
		{DB3F1B46-4BED-4A92-AC91-F25985F2A5EF}.Release|Any CPU.ActiveCfg = Release|Any CPU
		{DB3F1B46-4BED-4A92-AC91-F25985F2A5EF}.Release|Any CPU.Build.0 = Release|Any CPU
		{D67BE5BC-4DBB-4470-B308-2BC2386661D4}.Debug|Any CPU.ActiveCfg = Debug|Any CPU
		{D67BE5BC-4DBB-4470-B308-2BC2386661D4}.Debug|Any CPU.Build.0 = Debug|Any CPU
		{D67BE5BC-4DBB-4470-B308-2BC2386661D4}.Release|Any CPU.ActiveCfg = Release|Any CPU
		{D67BE5BC-4DBB-4470-B308-2BC2386661D4}.Release|Any CPU.Build.0 = Release|Any CPU
		{941DF588-65D9-467F-BAFB-4A45D4B666ED}.Debug|Any CPU.ActiveCfg = Debug|Any CPU
		{941DF588-65D9-467F-BAFB-4A45D4B666ED}.Debug|Any CPU.Build.0 = Debug|Any CPU
		{941DF588-65D9-467F-BAFB-4A45D4B666ED}.Release|Any CPU.ActiveCfg = Release|Any CPU
		{941DF588-65D9-467F-BAFB-4A45D4B666ED}.Release|Any CPU.Build.0 = Release|Any CPU
		{3A1FF8E2-EC82-43D4-86A3-E921BDD8C504}.Debug|Any CPU.ActiveCfg = Debug|Any CPU
		{3A1FF8E2-EC82-43D4-86A3-E921BDD8C504}.Debug|Any CPU.Build.0 = Debug|Any CPU
		{3A1FF8E2-EC82-43D4-86A3-E921BDD8C504}.Release|Any CPU.ActiveCfg = Release|Any CPU
		{3A1FF8E2-EC82-43D4-86A3-E921BDD8C504}.Release|Any CPU.Build.0 = Release|Any CPU
	EndGlobalSection
	GlobalSection(SolutionProperties) = preSolution
		HideSolutionNode = FALSE
	EndGlobalSection
	GlobalSection(ExtensibilityGlobals) = postSolution
		SolutionGuid = {DB21313A-C7DC-4590-866B-3FD99C42791A}
	EndGlobalSection
EndGlobal
